{
  "name": "acorn-interpreter-es5",
  "version": "1.0.0",
  "lockfileVersion": 1,
  "requires": true,
  "dependencies": {
    "@types/node": {
      "version": "15.0.1",
      "resolved": "https://registry.npmjs.org/@types/node/-/node-15.0.1.tgz",
      "integrity": "sha512-TMkXt0Ck1y0KKsGr9gJtWGjttxlZnnvDtphxUOSd0bfaR6Q1jle+sPvrzNR1urqYTWMinoKvjKfXUGsumaO1PA==",
      "dev": true
    },
    "acorn": {
      "version": "8.2.2",
      "resolved": "https://registry.npmjs.org/acorn/-/acorn-8.2.2.tgz",
      "integrity": "sha512-VrMS8kxT0e7J1EX0p6rI/E0FbfOVcvBpbIqHThFv+f8YrZIlMfVotYcXKVPmTvPW8sW5miJzfUFrrvthUZg8VQ=="
    }
  }
}
